
Microsoft Visual Studio Solution File, Format Version 12.00
# Visual Studio Version 17
VisualStudioVersion = 17.9.34701.34
MinimumVisualStudioVersion = 10.0.40219.1
Project("{FAE04EC0-301F-11D3-BF4B-00C04F79EFBC}") = "GUI Clean Comment", "GUI Clean Comment\GUI Clean Comment.csproj", "{88AE7EF2-077C-43F8-A772-90E3424A256A}"
EndProject
Global
	GlobalSection(SolutionConfigurationPlatforms) = preSolution
		Debug|Any CPU = Debug|Any CPU
		Release|Any CPU = Release|Any CPU
	EndGlobalSection
	GlobalSection(ProjectConfigurationPlatforms) = postSolution
		{88AE7EF2-077C-43F8-A772-90E3424A256A}.Debug|Any CPU.ActiveCfg = Debug|Any CPU
		{88AE7EF2-077C-43F8-A772-90E3424A256A}.Debug|Any CPU.Build.0 = Debug|Any CPU
		{88AE7EF2-077C-43F8-A772-90E3424A256A}.Release|Any CPU.ActiveCfg = Release|Any CPU
		{88AE7EF2-077C-43F8-A772-90E3424A256A}.Release|Any CPU.Build.0 = Release|Any CPU
	EndGlobalSection
	GlobalSection(SolutionProperties) = preSolution
		HideSolutionNode = FALSE
	EndGlobalSection
	GlobalSection(ExtensibilityGlobals) = postSolution
		SolutionGuid = {BC586491-6FD3-47AF-BFFE-8A81508CA068}
	EndGlobalSection
EndGlobal
